// !$*UTF8*$!
{
	archiveVersion = 1;
	classes = {
	};
	objectVersion = 46;
	objects = {

/* Begin PBXBuildFile section */
		DA3986541F7EFE3A00919149 /* main.m in Sources */ = {isa = PBXBuildFile; fileRef = DA3986531F7EFE3A00919149 /* main.m */; };
		DA3986571F7EFE3A00919149 /* AppDelegate.m in Sources */ = {isa = PBXBuildFile; fileRef = DA3986561F7EFE3A00919149 /* AppDelegate.m */; };
		DA39865A1F7EFE3A00919149 /* ViewController.m in Sources */ = {isa = PBXBuildFile; fileRef = DA3986591F7EFE3A00919149 /* ViewController.m */; };
		DA3986601F7EFE3A00919149 /* CoreData_With_Cats.xcdatamodeld in Sources */ = {isa = PBXBuildFile; fileRef = DA39865E1F7EFE3A00919149 /* CoreData_With_Cats.xcdatamodeld */; };
		DA3986621F7EFE3A00919149 /* Assets.xcassets in Resources */ = {isa = PBXBuildFile; fileRef = DA3986611F7EFE3A00919149 /* Assets.xcassets */; };
		DA3986651F7EFE3A00919149 /* LaunchScreen.storyboard in Resources */ = {isa = PBXBuildFile; fileRef = DA3986631F7EFE3A00919149 /* LaunchScreen.storyboard */; };
		DA39866E1F7EFEAB00919149 /* DetailedViewController.m in Sources */ = {isa = PBXBuildFile; fileRef = DA39866D1F7EFEAB00919149 /* DetailedViewController.m */; };
		DA3986711F7EFEFC00919149 /* CatPhotoCollectionViewCell.m in Sources */ = {isa = PBXBuildFile; fileRef = DA3986701F7EFEFC00919149 /* CatPhotoCollectionViewCell.m */; };
		DA3986741F7EFF2E00919149 /* FlickrAPI.m in Sources */ = {isa = PBXBuildFile; fileRef = DA3986731F7EFF2E00919149 /* FlickrAPI.m */; };
		DA3986771F7EFF5200919149 /* FlickrPhoto.m in Sources */ = {isa = PBXBuildFile; fileRef = DA3986761F7EFF5200919149 /* FlickrPhoto.m */; };
		DAD135DE1F7F3DC900F0D6CE /* Main.storyboard in Resources */ = {isa = PBXBuildFile; fileRef = DAD135DD1F7F3DC900F0D6CE /* Main.storyboard */; };
/* End PBXBuildFile section */

/* Begin PBXFileReference section */
		DA39864F1F7EFE3A00919149 /* CoreData With Cats.app */ = {isa = PBXFileReference; explicitFileType = wrapper.application; includeInIndex = 0; path = "CoreData With Cats.app"; sourceTree = BUILT_PRODUCTS_DIR; };
		DA3986531F7EFE3A00919149 /* main.m */ = {isa = PBXFileReference; lastKnownFileType = sourcecode.c.objc; path = main.m; sourceTree = "<group>"; };
		DA3986551F7EFE3A00919149 /* AppDelegate.h */ = {isa = PBXFileReference; lastKnownFileType = sourcecode.c.h; path = AppDelegate.h; sourceTree = "<group>"; };
		DA3986561F7EFE3A00919149 /* AppDelegate.m */ = {isa = PBXFileReference; lastKnownFileType = sourcecode.c.objc; path = AppDelegate.m; sourceTree = "<group>"; };
		DA3986581F7EFE3A00919149 /* ViewController.h */ = {isa = PBXFileReference; lastKnownFileType = sourcecode.c.h; path = ViewController.h; sourceTree = "<group>"; };
		DA3986591F7EFE3A00919149 /* ViewController.m */ = {isa = PBXFileReference; lastKnownFileType = sourcecode.c.objc; path = ViewController.m; sourceTree = "<group>"; };
		DA39865F1F7EFE3A00919149 /* CoreData_With_Cats.xcdatamodel */ = {isa = PBXFileReference; lastKnownFileType = wrapper.xcdatamodel; path = CoreData_With_Cats.xcdatamodel; sourceTree = "<group>"; };
		DA3986611F7EFE3A00919149 /* Assets.xcassets */ = {isa = PBXFileReference; lastKnownFileType = folder.assetcatalog; path = Assets.xcassets; sourceTree = "<group>"; };
		DA3986641F7EFE3A00919149 /* Base */ = {isa = PBXFileReference; lastKnownFileType = file.storyboard; name = Base; path = Base.lproj/LaunchScreen.storyboard; sourceTree = "<group>"; };
		DA3986661F7EFE3A00919149 /* Info.plist */ = {isa = PBXFileReference; lastKnownFileType = text.plist.xml; path = Info.plist; sourceTree = "<group>"; };
		DA39866C1F7EFEAB00919149 /* DetailedViewController.h */ = {isa = PBXFileReference; fileEncoding = 4; lastKnownFileType = sourcecode.c.h; path = DetailedViewController.h; sourceTree = "<group>"; };
		DA39866D1F7EFEAB00919149 /* DetailedViewController.m */ = {isa = PBXFileReference; fileEncoding = 4; lastKnownFileType = sourcecode.c.objc; path = DetailedViewController.m; sourceTree = "<group>"; };
		DA39866F1F7EFEFC00919149 /* CatPhotoCollectionViewCell.h */ = {isa = PBXFileReference; fileEncoding = 4; lastKnownFileType = sourcecode.c.h; path = CatPhotoCollectionViewCell.h; sourceTree = "<group>"; };
		DA3986701F7EFEFC00919149 /* CatPhotoCollectionViewCell.m */ = {isa = PBXFileReference; fileEncoding = 4; lastKnownFileType = sourcecode.c.objc; path = CatPhotoCollectionViewCell.m; sourceTree = "<group>"; };
		DA3986721F7EFF2E00919149 /* FlickrAPI.h */ = {isa = PBXFileReference; fileEncoding = 4; lastKnownFileType = sourcecode.c.h; path = FlickrAPI.h; sourceTree = "<group>"; };
		DA3986731F7EFF2E00919149 /* FlickrAPI.m */ = {isa = PBXFileReference; fileEncoding = 4; lastKnownFileType = sourcecode.c.objc; path = FlickrAPI.m; sourceTree = "<group>"; };
		DA3986751F7EFF5200919149 /* FlickrPhoto.h */ = {isa = PBXFileReference; fileEncoding = 4; lastKnownFileType = sourcecode.c.h; path = FlickrPhoto.h; sourceTree = "<group>"; };
		DA3986761F7EFF5200919149 /* FlickrPhoto.m */ = {isa = PBXFileReference; fileEncoding = 4; lastKnownFileType = sourcecode.c.objc; path = FlickrPhoto.m; sourceTree = "<group>"; };
		DA3986781F7EFF9A00919149 /* Secret.h */ = {isa = PBXFileReference; lastKnownFileType = sourcecode.c.h; path = Secret.h; sourceTree = "<group>"; };
		DAD135DD1F7F3DC900F0D6CE /* Main.storyboard */ = {isa = PBXFileReference; fileEncoding = 4; lastKnownFileType = file.storyboard; path = Main.storyboard; sourceTree = "<group>"; };
		DAD135E21F7F408700F0D6CE /* Photo+CoreDataClass.h */ = {isa = PBXFileReference; fileEncoding = 4; lastKnownFileType = sourcecode.c.h; name = "Photo+CoreDataClass.h"; path = "../Photo+CoreDataClass.h"; sourceTree = "<group>"; };
		DAD135E31F7F408700F0D6CE /* Photo+CoreDataClass.m */ = {isa = PBXFileReference; fileEncoding = 4; lastKnownFileType = sourcecode.c.objc; name = "Photo+CoreDataClass.m"; path = "../Photo+CoreDataClass.m"; sourceTree = "<group>"; };
		DAD135E41F7F408700F0D6CE /* Photo+CoreDataProperties.h */ = {isa = PBXFileReference; fileEncoding = 4; lastKnownFileType = sourcecode.c.h; name = "Photo+CoreDataProperties.h"; path = "../Photo+CoreDataProperties.h"; sourceTree = "<group>"; };
		DAD135E51F7F408700F0D6CE /* Photo+CoreDataProperties.m */ = {isa = PBXFileReference; fileEncoding = 4; lastKnownFileType = sourcecode.c.objc; name = "Photo+CoreDataProperties.m"; path = "../Photo+CoreDataProperties.m"; sourceTree = "<group>"; };
/* End PBXFileReference section */

/* Begin PBXFrameworksBuildPhase section */
		DA39864C1F7EFE3A00919149 /* Frameworks */ = {
			isa = PBXFrameworksBuildPhase;
			buildActionMask = 2147483647;
			files = (
			);
			runOnlyForDeploymentPostprocessing = 0;
		};
/* End PBXFrameworksBuildPhase section */

/* Begin PBXGroup section */
		DA3986461F7EFE3A00919149 = {
			isa = PBXGroup;
			children = (
				DA3986511F7EFE3A00919149 /* CoreData With Cats */,
				DA3986501F7EFE3A00919149 /* Products */,
			);
			sourceTree = "<group>";
		};
		DA3986501F7EFE3A00919149 /* Products */ = {
			isa = PBXGroup;
			children = (
				DA39864F1F7EFE3A00919149 /* CoreData With Cats.app */,
			);
			name = Products;
			sourceTree = "<group>";
		};
		DA3986511F7EFE3A00919149 /* CoreData With Cats */ = {
			isa = PBXGroup;
			children = (
				DAD135E11F7F403F00F0D6CE /* View */,
				DAD135E01F7F403D00F0D6CE /* Controller */,
				DAD135DF1F7F403A00F0D6CE /* Model */,
				DA3986521F7EFE3A00919149 /* Supporting Files */,
			);
			path = "CoreData With Cats";
			sourceTree = "<group>";
		};
		DA3986521F7EFE3A00919149 /* Supporting Files */ = {
			isa = PBXGroup;
			children = (
				DA3986611F7EFE3A00919149 /* Assets.xcassets */,
				DA3986631F7EFE3A00919149 /* LaunchScreen.storyboard */,
				DA3986661F7EFE3A00919149 /* Info.plist */,
				DA3986531F7EFE3A00919149 /* main.m */,
			);
			name = "Supporting Files";
			sourceTree = "<group>";
		};
		DAD135DF1F7F403A00F0D6CE /* Model */ = {
			isa = PBXGroup;
			children = (
				DA3986551F7EFE3A00919149 /* AppDelegate.h */,
				DA3986561F7EFE3A00919149 /* AppDelegate.m */,
				DA3986721F7EFF2E00919149 /* FlickrAPI.h */,
				DA3986731F7EFF2E00919149 /* FlickrAPI.m */,
				DA3986751F7EFF5200919149 /* FlickrPhoto.h */,
				DA3986761F7EFF5200919149 /* FlickrPhoto.m */,
				DA3986781F7EFF9A00919149 /* Secret.h */,
				DA39865E1F7EFE3A00919149 /* CoreData_With_Cats.xcdatamodeld */,
				DAD135E21F7F408700F0D6CE /* Photo+CoreDataClass.h */,
				DAD135E31F7F408700F0D6CE /* Photo+CoreDataClass.m */,
				DAD135E41F7F408700F0D6CE /* Photo+CoreDataProperties.h */,
				DAD135E51F7F408700F0D6CE /* Photo+CoreDataProperties.m */,
			);
			name = Model;
			sourceTree = "<group>";
		};
		DAD135E01F7F403D00F0D6CE /* Controller */ = {
			isa = PBXGroup;
			children = (
				DA3986581F7EFE3A00919149 /* ViewController.h */,
				DA3986591F7EFE3A00919149 /* ViewController.m */,
				DA39866C1F7EFEAB00919149 /* DetailedViewController.h */,
				DA39866D1F7EFEAB00919149 /* DetailedViewController.m */,
				DA39866F1F7EFEFC00919149 /* CatPhotoCollectionViewCell.h */,
				DA3986701F7EFEFC00919149 /* CatPhotoCollectionViewCell.m */,
			);
			name = Controller;
			sourceTree = "<group>";
		};
		DAD135E11F7F403F00F0D6CE /* View */ = {
			isa = PBXGroup;
			children = (
				DAD135DD1F7F3DC900F0D6CE /* Main.storyboard */,
			);
			name = View;
			sourceTree = "<group>";
		};
/* End PBXGroup section */

/* Begin PBXNativeTarget section */
		DA39864E1F7EFE3A00919149 /* CoreData With Cats */ = {
			isa = PBXNativeTarget;
			buildConfigurationList = DA3986691F7EFE3A00919149 /* Build configuration list for PBXNativeTarget "CoreData With Cats" */;
			buildPhases = (
				DA39864B1F7EFE3A00919149 /* Sources */,
				DA39864C1F7EFE3A00919149 /* Frameworks */,
				DA39864D1F7EFE3A00919149 /* Resources */,
			);
			buildRules = (
			);
			dependencies = (
			);
			name = "CoreData With Cats";
			productName = "CoreData With Cats";
			productReference = DA39864F1F7EFE3A00919149 /* CoreData With Cats.app */;
			productType = "com.apple.product-type.application";
		};
/* End PBXNativeTarget section */

/* Begin PBXProject section */
		DA3986471F7EFE3A00919149 /* Project object */ = {
			isa = PBXProject;
			attributes = {
				LastUpgradeCheck = 0830;
				ORGANIZATIONNAME = Paul;
				TargetAttributes = {
					DA39864E1F7EFE3A00919149 = {
						CreatedOnToolsVersion = 8.3.3;
						ProvisioningStyle = Automatic;
					};
				};
			};
			buildConfigurationList = DA39864A1F7EFE3A00919149 /* Build configuration list for PBXProject "CoreData With Cats" */;
			compatibilityVersion = "Xcode 3.2";
			developmentRegion = English;
			hasScannedForEncodings = 0;
			knownRegions = (
				en,
				Base,
			);
			mainGroup = DA3986461F7EFE3A00919149;
			productRefGroup = DA3986501F7EFE3A00919149 /* Products */;
			projectDirPath = "";
			projectRoot = "";
			targets = (
				DA39864E1F7EFE3A00919149 /* CoreData With Cats */,
			);
		};
/* End PBXProject section */

/* Begin PBXResourcesBuildPhase section */
		DA39864D1F7EFE3A00919149 /* Resources */ = {
			isa = PBXResourcesBuildPhase;
			buildActionMask = 2147483647;
			files = (
				DA3986651F7EFE3A00919149 /* LaunchScreen.storyboard in Resources */,
				DAD135DE1F7F3DC900F0D6CE /* Main.storyboard in Resources */,
				DA3986621F7EFE3A00919149 /* Assets.xcassets in Resources */,
			);
			runOnlyForDeploymentPostprocessing = 0;
		};
/* End PBXResourcesBuildPhase section */

/* Begin PBXSourcesBuildPhase section */
		DA39864B1F7EFE3A00919149 /* Sources */ = {
			isa = PBXSourcesBuildPhase;
			buildActionMask = 2147483647;
			files = (
				DA3986711F7EFEFC00919149 /* CatPhotoCollectionViewCell.m in Sources */,
				DA39865A1F7EFE3A00919149 /* ViewController.m in Sources */,
				DA3986571F7EFE3A00919149 /* AppDelegate.m in Sources */,
				DA3986541F7EFE3A00919149 /* main.m in Sources */,
				DA3986601F7EFE3A00919149 /* CoreData_With_Cats.xcdatamodeld in Sources */,
				DA3986771F7EFF5200919149 /* FlickrPhoto.m in Sources */,
				DA3986741F7EFF2E00919149 /* FlickrAPI.m in Sources */,
				DA39866E1F7EFEAB00919149 /* DetailedViewController.m in Sources */,
			);
			runOnlyForDeploymentPostprocessing = 0;
		};
/* End PBXSourcesBuildPhase section */

/* Begin PBXVariantGroup section */
		DA3986631F7EFE3A00919149 /* LaunchScreen.storyboard */ = {
			isa = PBXVariantGroup;
			children = (
				DA3986641F7EFE3A00919149 /* Base */,
			);
			name = LaunchScreen.storyboard;
			sourceTree = "<group>";
		};
/* End PBXVariantGroup section */

/* Begin XCBuildConfiguration section */
		DA3986671F7EFE3A00919149 /* Debug */ = {
			isa = XCBuildConfiguration;
			buildSettings = {
				ALWAYS_SEARCH_USER_PATHS = NO;
				CLANG_ANALYZER_NONNULL = YES;
				CLANG_ANALYZER_NUMBER_OBJECT_CONVERSION = YES_AGGRESSIVE;
				CLANG_CXX_LANGUAGE_STANDARD = "gnu++0x";
				CLANG_CXX_LIBRARY = "libc++";
				CLANG_ENABLE_MODULES = YES;
				CLANG_ENABLE_OBJC_ARC = YES;
				CLANG_WARN_BOOL_CONVERSION = YES;
				CLANG_WARN_CONSTANT_CONVERSION = YES;
				CLANG_WARN_DIRECT_OBJC_ISA_USAGE = YES_ERROR;
				CLANG_WARN_DOCUMENTATION_COMMENTS = YES;
				CLANG_WARN_EMPTY_BODY = YES;
				CLANG_WARN_ENUM_CONVERSION = YES;
				CLANG_WARN_INFINITE_RECURSION = YES;
				CLANG_WARN_INT_CONVERSION = YES;
				CLANG_WARN_OBJC_ROOT_CLASS = YES_ERROR;
				CLANG_WARN_SUSPICIOUS_MOVE = YES;
				CLANG_WARN_UNREACHABLE_CODE = YES;
				CLANG_WARN__DUPLICATE_METHOD_MATCH = YES;
				"CODE_SIGN_IDENTITY[sdk=iphoneos*]" = "iPhone Developer";
				COPY_PHASE_STRIP = NO;
				DEBUG_INFORMATION_FORMAT = dwarf;
				ENABLE_STRICT_OBJC_MSGSEND = YES;
				ENABLE_TESTABILITY = YES;
				GCC_C_LANGUAGE_STANDARD = gnu99;
				GCC_DYNAMIC_NO_PIC = NO;
				GCC_NO_COMMON_BLOCKS = YES;
				GCC_OPTIMIZATION_LEVEL = 0;
				GCC_PREPROCESSOR_DEFINITIONS = (
					"DEBUG=1",
					"$(inherited)",
				);
				GCC_WARN_64_TO_32_BIT_CONVERSION = YES;
				GCC_WARN_ABOUT_RETURN_TYPE = YES_ERROR;
				GCC_WARN_UNDECLARED_SELECTOR = YES;
				GCC_WARN_UNINITIALIZED_AUTOS = YES_AGGRESSIVE;
				GCC_WARN_UNUSED_FUNCTION = YES;
				GCC_WARN_UNUSED_VARIABLE = YES;
				IPHONEOS_DEPLOYMENT_TARGET = 10.3;
				MTL_ENABLE_DEBUG_INFO = YES;
				ONLY_ACTIVE_ARCH = YES;
				SDKROOT = iphoneos;
				TARGETED_DEVICE_FAMILY = "1,2";
			};
			name = Debug;
		};
		DA3986681F7EFE3A00919149 /* Release */ = {
			isa = XCBuildConfiguration;
			buildSettings = {
				ALWAYS_SEARCH_USER_PATHS = NO;
				CLANG_ANALYZER_NONNULL = YES;
				CLANG_ANALYZER_NUMBER_OBJECT_CONVERSION = YES_AGGRESSIVE;
				CLANG_CXX_LANGUAGE_STANDARD = "gnu++0x";
				CLANG_CXX_LIBRARY = "libc++";
				CLANG_ENABLE_MODULES = YES;
				CLANG_ENABLE_OBJC_ARC = YES;
				CLANG_WARN_BOOL_CONVERSION = YES;
				CLANG_WARN_CONSTANT_CONVERSION = YES;
				CLANG_WARN_DIRECT_OBJC_ISA_USAGE = YES_ERROR;
				CLANG_WARN_DOCUMENTATION_COMMENTS = YES;
				CLANG_WARN_EMPTY_BODY = YES;
				CLANG_WARN_ENUM_CONVERSION = YES;
				CLANG_WARN_INFINITE_RECURSION = YES;
				CLANG_WARN_INT_CONVERSION = YES;
				CLANG_WARN_OBJC_ROOT_CLASS = YES_ERROR;
				CLANG_WARN_SUSPICIOUS_MOVE = YES;
				CLANG_WARN_UNREACHABLE_CODE = YES;
				CLANG_WARN__DUPLICATE_METHOD_MATCH = YES;
				"CODE_SIGN_IDENTITY[sdk=iphoneos*]" = "iPhone Developer";
				COPY_PHASE_STRIP = NO;
				DEBUG_INFORMATION_FORMAT = "dwarf-with-dsym";
				ENABLE_NS_ASSERTIONS = NO;
				ENABLE_STRICT_OBJC_MSGSEND = YES;
				GCC_C_LANGUAGE_STANDARD = gnu99;
				GCC_NO_COMMON_BLOCKS = YES;
				GCC_WARN_64_TO_32_BIT_CONVERSION = YES;
				GCC_WARN_ABOUT_RETURN_TYPE = YES_ERROR;
				GCC_WARN_UNDECLARED_SELECTOR = YES;
				GCC_WARN_UNINITIALIZED_AUTOS = YES_AGGRESSIVE;
				GCC_WARN_UNUSED_FUNCTION = YES;
				GCC_WARN_UNUSED_VARIABLE = YES;
				IPHONEOS_DEPLOYMENT_TARGET = 10.3;
				MTL_ENABLE_DEBUG_INFO = NO;
				SDKROOT = iphoneos;
				TARGETED_DEVICE_FAMILY = "1,2";
				VALIDATE_PRODUCT = YES;
			};
			name = Release;
		};
		DA39866A1F7EFE3A00919149 /* Debug */ = {
			isa = XCBuildConfiguration;
			buildSettings = {
				ASSETCATALOG_COMPILER_APPICON_NAME = AppIcon;
				INFOPLIST_FILE = "CoreData With Cats/Info.plist";
				LD_RUNPATH_SEARCH_PATHS = "$(inherited) @executable_path/Frameworks";
				PRODUCT_BUNDLE_IDENTIFIER = "com.Paul.CoreData-With-Cats";
				PRODUCT_NAME = "$(TARGET_NAME)";
			};
			name = Debug;
		};
		DA39866B1F7EFE3A00919149 /* Release */ = {
			isa = XCBuildConfiguration;
			buildSettings = {
				ASSETCATALOG_COMPILER_APPICON_NAME = AppIcon;
				INFOPLIST_FILE = "CoreData With Cats/Info.plist";
				LD_RUNPATH_SEARCH_PATHS = "$(inherited) @executable_path/Frameworks";
				PRODUCT_BUNDLE_IDENTIFIER = "com.Paul.CoreData-With-Cats";
				PRODUCT_NAME = "$(TARGET_NAME)";
			};
			name = Release;
		};
/* End XCBuildConfiguration section */

/* Begin XCConfigurationList section */
		DA39864A1F7EFE3A00919149 /* Build configuration list for PBXProject "CoreData With Cats" */ = {
			isa = XCConfigurationList;
			buildConfigurations = (
				DA3986671F7EFE3A00919149 /* Debug */,
				DA3986681F7EFE3A00919149 /* Release */,
			);
			defaultConfigurationIsVisible = 0;
			defaultConfigurationName = Release;
		};
		DA3986691F7EFE3A00919149 /* Build configuration list for PBXNativeTarget "CoreData With Cats" */ = {
			isa = XCConfigurationList;
			buildConfigurations = (
				DA39866A1F7EFE3A00919149 /* Debug */,
				DA39866B1F7EFE3A00919149 /* Release */,
			);
			defaultConfigurationIsVisible = 0;
			defaultConfigurationName = Release;
		};
/* End XCConfigurationList section */

/* Begin XCVersionGroup section */
		DA39865E1F7EFE3A00919149 /* CoreData_With_Cats.xcdatamodeld */ = {
			isa = XCVersionGroup;
			children = (
				DA39865F1F7EFE3A00919149 /* CoreData_With_Cats.xcdatamodel */,
			);
			currentVersion = DA39865F1F7EFE3A00919149 /* CoreData_With_Cats.xcdatamodel */;
			path = CoreData_With_Cats.xcdatamodeld;
			sourceTree = "<group>";
			versionGroupType = wrapper.xcdatamodel;
		};
/* End XCVersionGroup section */
	};
	rootObject = DA3986471F7EFE3A00919149 /* Project object */;
}
